{
  "file_path": "/Users/a.pezzotta/repos/claude-wm-cli/go.mod",
  "lock_path": "/Users/a.pezzotta/repos/claude-wm-cli/.go.mod.lock",
  "type": 0,
  "pid": 76578,
  "hostname": "L5F4KQVXRG",
  "acquired_at": "2025-07-25T14:24:07.042159+02:00",
  "expires_at": "2025-07-25T14:29:07.042159+02:00",
  "process_name": "claude-wm-cli",
  "user_info": "a.pezzotta"
}
